{
  "name": "@biomejs/pre-commit",
  "version": "0.0.0",
  "lockfileVersion": 3,
  "requires": true,
  "packages": {
    "": {
      "name": "@biomejs/pre-commit",
      "version": "0.0.0",
      "dependencies": {
        "@biomejs/biome": "2.1.0"
      },
      "bin": {
        "biome": "node_modules/@biomejs/biome/bin/biome"
      }
    },
    "node_modules/@biomejs/biome": {
      "version": "2.1.0",
      "resolved": "https://registry.npmjs.org/@biomejs/biome/-/biome-2.1.0.tgz",
      "integrity": "sha512-K2UDr1dCiaOWegp4yQLMC4Evgl85ze1O7r+WxPeO7cNl0XrIcTshvdQGMDB23c/2afXz6RsOKYfWLErNbBbjmA==",
      "license": "MIT OR Apache-2.0",
      "bin": {
        "biome": "bin/biome"
      },
      "engines": {
        "node": ">=14.21.3"
      },
      "funding": {
        "type": "opencollective",
        "url": "https://opencollective.com/biome"
      },
      "optionalDependencies": {
        "@biomejs/cli-darwin-arm64": "2.1.0",
        "@biomejs/cli-darwin-x64": "2.1.0",
        "@biomejs/cli-linux-arm64": "2.1.0",
        "@biomejs/cli-linux-arm64-musl": "2.1.0",
        "@biomejs/cli-linux-x64": "2.1.0",
        "@biomejs/cli-linux-x64-musl": "2.1.0",
        "@biomejs/cli-win32-arm64": "2.1.0",
        "@biomejs/cli-win32-x64": "2.1.0"
      }
    },
    "node_modules/@biomejs/cli-darwin-arm64": {
      "version": "2.1.0",
      "resolved": "https://registry.npmjs.org/@biomejs/cli-darwin-arm64/-/cli-darwin-arm64-2.1.0.tgz",
      "integrity": "sha512-RDXEUGSCvUx3PKWRt95WRtwH+l01slm7r2zaotDwWERn/RITMcdet21rI5q5cYhL4XJiAvLHG8qyLNSXqIOCwQ==",
      "cpu": [
        "arm64"
      ],
      "license": "MIT OR Apache-2.0",
      "optional": true,
      "os": [
        "darwin"
      ],
      "engines": {
        "node": ">=14.21.3"
      }
    },
    "node_modules/@biomejs/cli-darwin-x64": {
      "version": "2.1.0",
      "resolved": "https://registry.npmjs.org/@biomejs/cli-darwin-x64/-/cli-darwin-x64-2.1.0.tgz",
      "integrity": "sha512-epLFRbMjYS/Cu9Kc5gM3wzUExsKj2Z0oxIiuxlI4ZterIqm19yvTOtJoqSec8gjUXOTNvPVoEIfSSXg37yepow==",
      "cpu": [
        "x64"
      ],
      "license": "MIT OR Apache-2.0",
      "optional": true,
      "os": [
        "darwin"
      ],
      "engines": {
        "node": ">=14.21.3"
      }
    },
    "node_modules/@biomejs/cli-linux-arm64": {
      "version": "2.1.0",
      "resolved": "https://registry.npmjs.org/@biomejs/cli-linux-arm64/-/cli-linux-arm64-2.1.0.tgz",
      "integrity": "sha512-HZys1/TeIH5lagwtf9yKSO+gtA+cYMJW22ckDGuKt2xIvPu7VqgTNjJtTdRcetXe0+benlMMo+KFs3xL2b/2QA==",
      "cpu": [
        "arm64"
      ],
      "license": "MIT OR Apache-2.0",
      "optional": true,
      "os": [
        "linux"
      ],
      "engines": {
        "node": ">=14.21.3"
      }
    },
    "node_modules/@biomejs/cli-linux-arm64-musl": {
      "version": "2.1.0",
      "resolved": "https://registry.npmjs.org/@biomejs/cli-linux-arm64-musl/-/cli-linux-arm64-musl-2.1.0.tgz",
      "integrity": "sha512-J7z6s/M50wt5lhSkivAs2GJHPhiah3hkdg1LipM6wlK6cVC3YeIA/X6pgWBfjEwyfsFlpc3nRM+pQ17DI8FpDQ==",
      "cpu": [
        "arm64"
      ],
      "license": "MIT OR Apache-2.0",
      "optional": true,
      "os": [
        "linux"
      ],
      "engines": {
        "node": ">=14.21.3"
      }
    },
    "node_modules/@biomejs/cli-linux-x64": {
      "version": "2.1.0",
      "resolved": "https://registry.npmjs.org/@biomejs/cli-linux-x64/-/cli-linux-x64-2.1.0.tgz",
      "integrity": "sha512-nAVAP1ov/zcXMhNq3WCbYZmlU/YTF3ZT+LeXR1CEJnDgunPC/Srp7j1LWlrIx6wxNOCDOFow8fmyfC7c/BKLig==",
      "cpu": [
        "x64"
      ],
      "license": "MIT OR Apache-2.0",
      "optional": true,
      "os": [
        "linux"
      ],
      "engines": {
        "node": ">=14.21.3"
      }
    },
    "node_modules/@biomejs/cli-linux-x64-musl": {
      "version": "2.1.0",
      "resolved": "https://registry.npmjs.org/@biomejs/cli-linux-x64-musl/-/cli-linux-x64-musl-2.1.0.tgz",
      "integrity": "sha512-uj8felYcBeXh32kznnKrAQoZ9pLqta/6qvwLJ4AZtUmY6cSUUa5c+VLnFtxMfuhvps/M4D55VGnwSINOEblPQg==",
      "cpu": [
        "x64"
      ],
      "license": "MIT OR Apache-2.0",
      "optional": true,
      "os": [
        "linux"
      ],
      "engines": {
        "node": ">=14.21.3"
      }
    },
    "node_modules/@biomejs/cli-win32-arm64": {
      "version": "2.1.0",
      "resolved": "https://registry.npmjs.org/@biomejs/cli-win32-arm64/-/cli-win32-arm64-2.1.0.tgz",
      "integrity": "sha512-eGGqGs+8Q34n1zp/rEadFRKjzwFszpZ2+p6B1Dmi7dn1DNEYhNXoRWLcjyca+ZSTrdV7COx0scyjgF9Tg73kBw==",
      "cpu": [
        "arm64"
      ],
      "license": "MIT OR Apache-2.0",
      "optional": true,
      "os": [
        "win32"
      ],
      "engines": {
        "node": ">=14.21.3"
      }
    },
    "node_modules/@biomejs/cli-win32-x64": {
      "version": "2.1.0",
      "resolved": "https://registry.npmjs.org/@biomejs/cli-win32-x64/-/cli-win32-x64-2.1.0.tgz",
      "integrity": "sha512-pkp6jucyvE8DJSXXwSKs+Mxx1KXkMJ2d8GbBu4Lf0nAQHl40TZjjp1RuNEo9Z7NNXPQzbLACDtK6/vDalO2WRg==",
      "cpu": [
        "x64"
      ],
      "license": "MIT OR Apache-2.0",
      "optional": true,
      "os": [
        "win32"
      ],
      "engines": {
        "node": ">=14.21.3"
      }
    }
  }
}
