{
  "name": "@biomejs/pre-commit",
  "version": "0.0.0",
  "lockfileVersion": 3,
  "requires": true,
  "packages": {
    "": {
      "name": "@biomejs/pre-commit",
      "version": "0.0.0",
      "dependencies": {
        "@biomejs/biome": "0.2.2"
      },
      "bin": {
        "biome": "node_modules/@biomejs/biome/bin/biome"
      }
    },
    "node_modules/@biomejs/biome": {
      "version": "0.2.2",
      "resolved": "https://registry.npmjs.org/@biomejs/biome/-/biome-0.2.2.tgz",
      "integrity": "sha512-UqYCH5fjFQJGDoxSK0t2HaCakFyQRim0Udo5sPTCvgCCGpvJriBlkt1fhrfnIMn5zx0FKesEqEZRe/WxCoTvIg==",
      "hasInstallScript": true,
      "license": "MIT",
      "bin": {
        "biome": "bin/biome"
      },
      "engines": {
        "node": ">=14.*"
      },
      "optionalDependencies": {
        "@biomejs/cli-darwin-arm64": "0.2.2",
        "@biomejs/cli-darwin-x64": "0.2.2",
        "@biomejs/cli-linux-arm64": "0.2.2",
        "@biomejs/cli-linux-x64": "0.2.2",
        "@biomejs/cli-win32-arm64": "0.2.2",
        "@biomejs/cli-win32-x64": "0.2.2"
      }
    }
  }
}
